
Microsoft Visual Studio Solution File, Format Version 12.00
# Visual Studio Version 17
VisualStudioVersion = 17.4.33122.133
MinimumVisualStudioVersion = 10.0.40219.1
Project("{FAE04EC0-301F-11D3-BF4B-00C04F79EFBC}") = "Shdooh_Employees", "Shdooh_Employees\Shdooh_Employees.csproj", "{F3CD01EF-7D17-46F9-94E2-D2F8C992D363}"
EndProject
Global
	GlobalSection(SolutionConfigurationPlatforms) = preSolution
		Debug|Any CPU = Debug|Any CPU
		Release|Any CPU = Release|Any CPU
	EndGlobalSection
	GlobalSection(ProjectConfigurationPlatforms) = postSolution
		{F3CD01EF-7D17-46F9-94E2-D2F8C992D363}.Debug|Any CPU.ActiveCfg = Debug|Any CPU
		{F3CD01EF-7D17-46F9-94E2-D2F8C992D363}.Debug|Any CPU.Build.0 = Debug|Any CPU
		{F3CD01EF-7D17-46F9-94E2-D2F8C992D363}.Release|Any CPU.ActiveCfg = Release|Any CPU
		{F3CD01EF-7D17-46F9-94E2-D2F8C992D363}.Release|Any CPU.Build.0 = Release|Any CPU
	EndGlobalSection
	GlobalSection(SolutionProperties) = preSolution
		HideSolutionNode = FALSE
	EndGlobalSection
	GlobalSection(ExtensibilityGlobals) = postSolution
		SolutionGuid = {BF611C24-D3D4-447B-8F37-025FC7F4A3E1}
	EndGlobalSection
EndGlobal
